
Microsoft Visual Studio Solution File, Format Version 12.00
# Visual Studio Version 17
VisualStudioVersion = 17.9.34616.47
MinimumVisualStudioVersion = 10.0.40219.1
Project("{FAE04EC0-301F-11D3-BF4B-00C04F79EFBC}") = "ProyectoFinal", "ProyectoFinal\ProyectoFinal.csproj", "{4DD3035B-5225-4DB2-91B4-5E7E13D4DBA3}"
EndProject
Project("{FAE04EC0-301F-11D3-BF4B-00C04F79EFBC}") = "EstructuraDatos", "EstructuraDatos\EstructuraDatos.csproj", "{CAE1C99D-B9E2-4EB9-B0DB-7E548E94C6B1}"
EndProject
Global
	GlobalSection(SolutionConfigurationPlatforms) = preSolution
		Debug|Any CPU = Debug|Any CPU
		Release|Any CPU = Release|Any CPU
	EndGlobalSection
	GlobalSection(ProjectConfigurationPlatforms) = postSolution
		{4DD3035B-5225-4DB2-91B4-5E7E13D4DBA3}.Debug|Any CPU.ActiveCfg = Debug|Any CPU
		{4DD3035B-5225-4DB2-91B4-5E7E13D4DBA3}.Debug|Any CPU.Build.0 = Debug|Any CPU
		{4DD3035B-5225-4DB2-91B4-5E7E13D4DBA3}.Release|Any CPU.ActiveCfg = Release|Any CPU
		{4DD3035B-5225-4DB2-91B4-5E7E13D4DBA3}.Release|Any CPU.Build.0 = Release|Any CPU
		{CAE1C99D-B9E2-4EB9-B0DB-7E548E94C6B1}.Debug|Any CPU.ActiveCfg = Debug|Any CPU
		{CAE1C99D-B9E2-4EB9-B0DB-7E548E94C6B1}.Debug|Any CPU.Build.0 = Debug|Any CPU
		{CAE1C99D-B9E2-4EB9-B0DB-7E548E94C6B1}.Release|Any CPU.ActiveCfg = Release|Any CPU
		{CAE1C99D-B9E2-4EB9-B0DB-7E548E94C6B1}.Release|Any CPU.Build.0 = Release|Any CPU
	EndGlobalSection
	GlobalSection(SolutionProperties) = preSolution
		HideSolutionNode = FALSE
	EndGlobalSection
	GlobalSection(ExtensibilityGlobals) = postSolution
		SolutionGuid = {F13C2CDC-F227-4DAB-ABD0-D68720BF0A0C}
	EndGlobalSection
EndGlobal
